// !$*UTF8*$!
{
	archiveVersion = 1;
	classes = {
	};
	objectVersion = 56;
	objects = {

/* Begin PBXBuildFile section */
		E71F40FC2B29FAAE0029F5E7 /* JonquillesMapApp.swift in Sources */ = {isa = PBXBuildFile; fileRef = E71F40FB2B29FAAE0029F5E7 /* JonquillesMapApp.swift */; };
		E71F40FE2B29FAAE0029F5E7 /* ContentView.swift in Sources */ = {isa = PBXBuildFile; fileRef = E71F40FD2B29FAAE0029F5E7 /* ContentView.swift */; };
		E71F41002B29FAB00029F5E7 /* Assets.xcassets in Resources */ = {isa = PBXBuildFile; fileRef = E71F40FF2B29FAB00029F5E7 /* Assets.xcassets */; };
		E71F41032B29FAB00029F5E7 /* Preview Assets.xcassets in Resources */ = {isa = PBXBuildFile; fileRef = E71F41022B29FAB00029F5E7 /* Preview Assets.xcassets */; };
		E71F41172B29FD7C0029F5E7 /* MarkerMapView.swift in Sources */ = {isa = PBXBuildFile; fileRef = E71F41102B29FD7B0029F5E7 /* MarkerMapView.swift */; };
		E71F41192B29FD7C0029F5E7 /* TestView.swift in Sources */ = {isa = PBXBuildFile; fileRef = E71F41122B29FD7C0029F5E7 /* TestView.swift */; };
		E71F411A2B29FD7C0029F5E7 /* HomeView.swift in Sources */ = {isa = PBXBuildFile; fileRef = E71F41132B29FD7C0029F5E7 /* HomeView.swift */; };
		E71F411C2B29FD7C0029F5E7 /* MapView.swift in Sources */ = {isa = PBXBuildFile; fileRef = E71F41152B29FD7C0029F5E7 /* MapView.swift */; };
		E71F411F2B29FD9F0029F5E7 /* User.swift in Sources */ = {isa = PBXBuildFile; fileRef = E71F411D2B29FD9F0029F5E7 /* User.swift */; };
		E71F41202B29FD9F0029F5E7 /* Place.swift in Sources */ = {isa = PBXBuildFile; fileRef = E71F411E2B29FD9F0029F5E7 /* Place.swift */; };
		E71F41242B29FDF80029F5E7 /* ListUsersView.swift in Sources */ = {isa = PBXBuildFile; fileRef = E71F41222B29FDF80029F5E7 /* ListUsersView.swift */; };
		E71F41252B29FDF80029F5E7 /* UserProfileView.swift in Sources */ = {isa = PBXBuildFile; fileRef = E71F41232B29FDF80029F5E7 /* UserProfileView.swift */; };
		E71F41292B29FE260029F5E7 /* PlaceDetailView.swift in Sources */ = {isa = PBXBuildFile; fileRef = E71F41282B29FE260029F5E7 /* PlaceDetailView.swift */; };
		E71F412D2B29FE4A0029F5E7 /* APIData.swift in Sources */ = {isa = PBXBuildFile; fileRef = E71F412A2B29FE4A0029F5E7 /* APIData.swift */; };
		E71F412E2B29FE4A0029F5E7 /* PlaceService.swift in Sources */ = {isa = PBXBuildFile; fileRef = E71F412B2B29FE4A0029F5E7 /* PlaceService.swift */; };
		E71F412F2B29FE4A0029F5E7 /* UserService.swift in Sources */ = {isa = PBXBuildFile; fileRef = E71F412C2B29FE4A0029F5E7 /* UserService.swift */; };
		E71F41322B29FE5F0029F5E7 /* PlaceViewModel.swift in Sources */ = {isa = PBXBuildFile; fileRef = E71F41302B29FE5F0029F5E7 /* PlaceViewModel.swift */; };
		E71F41332B29FE5F0029F5E7 /* UserViewModel.swift in Sources */ = {isa = PBXBuildFile; fileRef = E71F41312B29FE5F0029F5E7 /* UserViewModel.swift */; };
		E71F41362B29FFF10029F5E7 /* Jonquilles_PersonalUseOnly.ttf in Resources */ = {isa = PBXBuildFile; fileRef = E71F41342B29FFF10029F5E7 /* Jonquilles_PersonalUseOnly.ttf */; };
		E71F41372B29FFF10029F5E7 /* Fleurs de Liane.TTF in Resources */ = {isa = PBXBuildFile; fileRef = E71F41352B29FFF10029F5E7 /* Fleurs de Liane.TTF */; };
/* End PBXBuildFile section */

/* Begin PBXFileReference section */
		E71F40F82B29FAAE0029F5E7 /* JonquillesMap.app */ = {isa = PBXFileReference; explicitFileType = wrapper.application; includeInIndex = 0; path = JonquillesMap.app; sourceTree = BUILT_PRODUCTS_DIR; };
		E71F40FB2B29FAAE0029F5E7 /* JonquillesMapApp.swift */ = {isa = PBXFileReference; lastKnownFileType = sourcecode.swift; path = JonquillesMapApp.swift; sourceTree = "<group>"; };
		E71F40FD2B29FAAE0029F5E7 /* ContentView.swift */ = {isa = PBXFileReference; lastKnownFileType = sourcecode.swift; path = ContentView.swift; sourceTree = "<group>"; };
		E71F40FF2B29FAB00029F5E7 /* Assets.xcassets */ = {isa = PBXFileReference; lastKnownFileType = folder.assetcatalog; path = Assets.xcassets; sourceTree = "<group>"; };
		E71F41022B29FAB00029F5E7 /* Preview Assets.xcassets */ = {isa = PBXFileReference; lastKnownFileType = folder.assetcatalog; path = "Preview Assets.xcassets"; sourceTree = "<group>"; };
		E71F41092B29FCF20029F5E7 /* Info.plist */ = {isa = PBXFileReference; lastKnownFileType = text.plist; path = Info.plist; sourceTree = "<group>"; };
		E71F41102B29FD7B0029F5E7 /* MarkerMapView.swift */ = {isa = PBXFileReference; fileEncoding = 4; lastKnownFileType = sourcecode.swift; path = MarkerMapView.swift; sourceTree = "<group>"; };
		E71F41122B29FD7C0029F5E7 /* TestView.swift */ = {isa = PBXFileReference; fileEncoding = 4; lastKnownFileType = sourcecode.swift; path = TestView.swift; sourceTree = "<group>"; };
		E71F41132B29FD7C0029F5E7 /* HomeView.swift */ = {isa = PBXFileReference; fileEncoding = 4; lastKnownFileType = sourcecode.swift; path = HomeView.swift; sourceTree = "<group>"; };
		E71F41152B29FD7C0029F5E7 /* MapView.swift */ = {isa = PBXFileReference; fileEncoding = 4; lastKnownFileType = sourcecode.swift; path = MapView.swift; sourceTree = "<group>"; };
		E71F411D2B29FD9F0029F5E7 /* User.swift */ = {isa = PBXFileReference; fileEncoding = 4; lastKnownFileType = sourcecode.swift; path = User.swift; sourceTree = "<group>"; };
		E71F411E2B29FD9F0029F5E7 /* Place.swift */ = {isa = PBXFileReference; fileEncoding = 4; lastKnownFileType = sourcecode.swift; path = Place.swift; sourceTree = "<group>"; };
		E71F41222B29FDF80029F5E7 /* ListUsersView.swift */ = {isa = PBXFileReference; fileEncoding = 4; lastKnownFileType = sourcecode.swift; path = ListUsersView.swift; sourceTree = "<group>"; };
		E71F41232B29FDF80029F5E7 /* UserProfileView.swift */ = {isa = PBXFileReference; fileEncoding = 4; lastKnownFileType = sourcecode.swift; path = UserProfileView.swift; sourceTree = "<group>"; };
		E71F41282B29FE260029F5E7 /* PlaceDetailView.swift */ = {isa = PBXFileReference; fileEncoding = 4; lastKnownFileType = sourcecode.swift; path = PlaceDetailView.swift; sourceTree = "<group>"; };
		E71F412A2B29FE4A0029F5E7 /* APIData.swift */ = {isa = PBXFileReference; fileEncoding = 4; lastKnownFileType = sourcecode.swift; path = APIData.swift; sourceTree = "<group>"; };
		E71F412B2B29FE4A0029F5E7 /* PlaceService.swift */ = {isa = PBXFileReference; fileEncoding = 4; lastKnownFileType = sourcecode.swift; path = PlaceService.swift; sourceTree = "<group>"; };
		E71F412C2B29FE4A0029F5E7 /* UserService.swift */ = {isa = PBXFileReference; fileEncoding = 4; lastKnownFileType = sourcecode.swift; path = UserService.swift; sourceTree = "<group>"; };
		E71F41302B29FE5F0029F5E7 /* PlaceViewModel.swift */ = {isa = PBXFileReference; fileEncoding = 4; lastKnownFileType = sourcecode.swift; path = PlaceViewModel.swift; sourceTree = "<group>"; };
		E71F41312B29FE5F0029F5E7 /* UserViewModel.swift */ = {isa = PBXFileReference; fileEncoding = 4; lastKnownFileType = sourcecode.swift; path = UserViewModel.swift; sourceTree = "<group>"; };
		E71F41342B29FFF10029F5E7 /* Jonquilles_PersonalUseOnly.ttf */ = {isa = PBXFileReference; lastKnownFileType = file; path = Jonquilles_PersonalUseOnly.ttf; sourceTree = "<group>"; };
		E71F41352B29FFF10029F5E7 /* Fleurs de Liane.TTF */ = {isa = PBXFileReference; lastKnownFileType = file; path = "Fleurs de Liane.TTF"; sourceTree = "<group>"; };
/* End PBXFileReference section */

/* Begin PBXFrameworksBuildPhase section */
		E71F40F52B29FAAE0029F5E7 /* Frameworks */ = {
			isa = PBXFrameworksBuildPhase;
			buildActionMask = 2147483647;
			files = (
			);
			runOnlyForDeploymentPostprocessing = 0;
		};
/* End PBXFrameworksBuildPhase section */

/* Begin PBXGroup section */
		E71F40EF2B29FAAE0029F5E7 = {
			isa = PBXGroup;
			children = (
				E71F40FA2B29FAAE0029F5E7 /* JonquillesMap */,
				E71F40F92B29FAAE0029F5E7 /* Products */,
			);
			sourceTree = "<group>";
		};
		E71F40F92B29FAAE0029F5E7 /* Products */ = {
			isa = PBXGroup;
			children = (
				E71F40F82B29FAAE0029F5E7 /* JonquillesMap.app */,
			);
			name = Products;
			sourceTree = "<group>";
		};
		E71F40FA2B29FAAE0029F5E7 /* JonquillesMap */ = {
			isa = PBXGroup;
			children = (
				E71F41092B29FCF20029F5E7 /* Info.plist */,
				E71F410E2B29FD240029F5E7 /* Font */,
				E71F410C2B29FD140029F5E7 /* Model */,
				E71F410D2B29FD1A0029F5E7 /* Services */,
				E71F410B2B29FD0C0029F5E7 /* ViewModels */,
				E71F410A2B29FD020029F5E7 /* Views */,
				E71F40FB2B29FAAE0029F5E7 /* JonquillesMapApp.swift */,
				E71F40FF2B29FAB00029F5E7 /* Assets.xcassets */,
				E71F41012B29FAB00029F5E7 /* Preview Content */,
			);
			path = JonquillesMap;
			sourceTree = "<group>";
		};
		E71F41012B29FAB00029F5E7 /* Preview Content */ = {
			isa = PBXGroup;
			children = (
				E71F41022B29FAB00029F5E7 /* Preview Assets.xcassets */,
			);
			path = "Preview Content";
			sourceTree = "<group>";
		};
		E71F410A2B29FD020029F5E7 /* Views */ = {
			isa = PBXGroup;
			children = (
				E71F41272B29FE0E0029F5E7 /* Map */,
				E71F41262B29FE070029F5E7 /* Places */,
				E71F41212B29FDE20029F5E7 /* Users */,
				E71F41132B29FD7C0029F5E7 /* HomeView.swift */,
				E71F41122B29FD7C0029F5E7 /* TestView.swift */,
				E71F40FD2B29FAAE0029F5E7 /* ContentView.swift */,
			);
			path = Views;
			sourceTree = "<group>";
		};
		E71F410B2B29FD0C0029F5E7 /* ViewModels */ = {
			isa = PBXGroup;
			children = (
				E71F41302B29FE5F0029F5E7 /* PlaceViewModel.swift */,
				E71F41312B29FE5F0029F5E7 /* UserViewModel.swift */,
			);
			path = ViewModels;
			sourceTree = "<group>";
		};
		E71F410C2B29FD140029F5E7 /* Model */ = {
			isa = PBXGroup;
			children = (
				E71F411E2B29FD9F0029F5E7 /* Place.swift */,
				E71F411D2B29FD9F0029F5E7 /* User.swift */,
			);
			path = Model;
			sourceTree = "<group>";
		};
		E71F410D2B29FD1A0029F5E7 /* Services */ = {
			isa = PBXGroup;
			children = (
				E71F412A2B29FE4A0029F5E7 /* APIData.swift */,
				E71F412B2B29FE4A0029F5E7 /* PlaceService.swift */,
				E71F412C2B29FE4A0029F5E7 /* UserService.swift */,
			);
			path = Services;
			sourceTree = "<group>";
		};
		E71F410E2B29FD240029F5E7 /* Font */ = {
			isa = PBXGroup;
			children = (
				E71F41352B29FFF10029F5E7 /* Fleurs de Liane.TTF */,
				E71F41342B29FFF10029F5E7 /* Jonquilles_PersonalUseOnly.ttf */,
			);
			path = Font;
			sourceTree = "<group>";
		};
		E71F41212B29FDE20029F5E7 /* Users */ = {
			isa = PBXGroup;
			children = (
				E71F41222B29FDF80029F5E7 /* ListUsersView.swift */,
				E71F41232B29FDF80029F5E7 /* UserProfileView.swift */,
			);
			path = Users;
			sourceTree = "<group>";
		};
		E71F41262B29FE070029F5E7 /* Places */ = {
			isa = PBXGroup;
			children = (
				E71F41282B29FE260029F5E7 /* PlaceDetailView.swift */,
			);
			path = Places;
			sourceTree = "<group>";
		};
		E71F41272B29FE0E0029F5E7 /* Map */ = {
			isa = PBXGroup;
			children = (
				E71F41152B29FD7C0029F5E7 /* MapView.swift */,
				E71F41102B29FD7B0029F5E7 /* MarkerMapView.swift */,
			);
			path = Map;
			sourceTree = "<group>";
		};
/* End PBXGroup section */

/* Begin PBXNativeTarget section */
		E71F40F72B29FAAE0029F5E7 /* JonquillesMap */ = {
			isa = PBXNativeTarget;
			buildConfigurationList = E71F41062B29FAB00029F5E7 /* Build configuration list for PBXNativeTarget "JonquillesMap" */;
			buildPhases = (
				E71F40F42B29FAAE0029F5E7 /* Sources */,
				E71F40F52B29FAAE0029F5E7 /* Frameworks */,
				E71F40F62B29FAAE0029F5E7 /* Resources */,
			);
			buildRules = (
			);
			dependencies = (
			);
			name = JonquillesMap;
			productName = JonquillesMap;
			productReference = E71F40F82B29FAAE0029F5E7 /* JonquillesMap.app */;
			productType = "com.apple.product-type.application";
		};
/* End PBXNativeTarget section */

/* Begin PBXProject section */
		E71F40F02B29FAAE0029F5E7 /* Project object */ = {
			isa = PBXProject;
			attributes = {
				BuildIndependentTargetsInParallel = 1;
				LastSwiftUpdateCheck = 1500;
				LastUpgradeCheck = 1500;
				TargetAttributes = {
					E71F40F72B29FAAE0029F5E7 = {
						CreatedOnToolsVersion = 15.0.1;
					};
				};
			};
			buildConfigurationList = E71F40F32B29FAAE0029F5E7 /* Build configuration list for PBXProject "JonquillesMap" */;
			compatibilityVersion = "Xcode 14.0";
			developmentRegion = en;
			hasScannedForEncodings = 0;
			knownRegions = (
				en,
				Base,
			);
			mainGroup = E71F40EF2B29FAAE0029F5E7;
			productRefGroup = E71F40F92B29FAAE0029F5E7 /* Products */;
			projectDirPath = "";
			projectRoot = "";
			targets = (
				E71F40F72B29FAAE0029F5E7 /* JonquillesMap */,
			);
		};
/* End PBXProject section */

/* Begin PBXResourcesBuildPhase section */
		E71F40F62B29FAAE0029F5E7 /* Resources */ = {
			isa = PBXResourcesBuildPhase;
			buildActionMask = 2147483647;
			files = (
				E71F41362B29FFF10029F5E7 /* Jonquilles_PersonalUseOnly.ttf in Resources */,
				E71F41032B29FAB00029F5E7 /* Preview Assets.xcassets in Resources */,
				E71F41372B29FFF10029F5E7 /* Fleurs de Liane.TTF in Resources */,
				E71F41002B29FAB00029F5E7 /* Assets.xcassets in Resources */,
			);
			runOnlyForDeploymentPostprocessing = 0;
		};
/* End PBXResourcesBuildPhase section */

/* Begin PBXSourcesBuildPhase section */
		E71F40F42B29FAAE0029F5E7 /* Sources */ = {
			isa = PBXSourcesBuildPhase;
			buildActionMask = 2147483647;
			files = (
				E71F412F2B29FE4A0029F5E7 /* UserService.swift in Sources */,
				E71F41322B29FE5F0029F5E7 /* PlaceViewModel.swift in Sources */,
				E71F412D2B29FE4A0029F5E7 /* APIData.swift in Sources */,
				E71F41192B29FD7C0029F5E7 /* TestView.swift in Sources */,
				E71F411C2B29FD7C0029F5E7 /* MapView.swift in Sources */,
				E71F40FE2B29FAAE0029F5E7 /* ContentView.swift in Sources */,
				E71F412E2B29FE4A0029F5E7 /* PlaceService.swift in Sources */,
				E71F41202B29FD9F0029F5E7 /* Place.swift in Sources */,
				E71F41172B29FD7C0029F5E7 /* MarkerMapView.swift in Sources */,
				E71F41332B29FE5F0029F5E7 /* UserViewModel.swift in Sources */,
				E71F41252B29FDF80029F5E7 /* UserProfileView.swift in Sources */,
				E71F411A2B29FD7C0029F5E7 /* HomeView.swift in Sources */,
				E71F41292B29FE260029F5E7 /* PlaceDetailView.swift in Sources */,
				E71F40FC2B29FAAE0029F5E7 /* JonquillesMapApp.swift in Sources */,
				E71F41242B29FDF80029F5E7 /* ListUsersView.swift in Sources */,
				E71F411F2B29FD9F0029F5E7 /* User.swift in Sources */,
			);
			runOnlyForDeploymentPostprocessing = 0;
		};
/* End PBXSourcesBuildPhase section */

/* Begin XCBuildConfiguration section */
		E71F41042B29FAB00029F5E7 /* Debug */ = {
			isa = XCBuildConfiguration;
			buildSettings = {
				ALWAYS_SEARCH_USER_PATHS = NO;
				ASSETCATALOG_COMPILER_GENERATE_SWIFT_ASSET_SYMBOL_EXTENSIONS = YES;
				CLANG_ANALYZER_NONNULL = YES;
				CLANG_ANALYZER_NUMBER_OBJECT_CONVERSION = YES_AGGRESSIVE;
				CLANG_CXX_LANGUAGE_STANDARD = "gnu++20";
				CLANG_ENABLE_MODULES = YES;
				CLANG_ENABLE_OBJC_ARC = YES;
				CLANG_ENABLE_OBJC_WEAK = YES;
				CLANG_WARN_BLOCK_CAPTURE_AUTORELEASING = YES;
				CLANG_WARN_BOOL_CONVERSION = YES;
				CLANG_WARN_COMMA = YES;
				CLANG_WARN_CONSTANT_CONVERSION = YES;
				CLANG_WARN_DEPRECATED_OBJC_IMPLEMENTATIONS = YES;
				CLANG_WARN_DIRECT_OBJC_ISA_USAGE = YES_ERROR;
				CLANG_WARN_DOCUMENTATION_COMMENTS = YES;
				CLANG_WARN_EMPTY_BODY = YES;
				CLANG_WARN_ENUM_CONVERSION = YES;
				CLANG_WARN_INFINITE_RECURSION = YES;
				CLANG_WARN_INT_CONVERSION = YES;
				CLANG_WARN_NON_LITERAL_NULL_CONVERSION = YES;
				CLANG_WARN_OBJC_IMPLICIT_RETAIN_SELF = YES;
				CLANG_WARN_OBJC_LITERAL_CONVERSION = YES;
				CLANG_WARN_OBJC_ROOT_CLASS = YES_ERROR;
				CLANG_WARN_QUOTED_INCLUDE_IN_FRAMEWORK_HEADER = YES;
				CLANG_WARN_RANGE_LOOP_ANALYSIS = YES;
				CLANG_WARN_STRICT_PROTOTYPES = YES;
				CLANG_WARN_SUSPICIOUS_MOVE = YES;
				CLANG_WARN_UNGUARDED_AVAILABILITY = YES_AGGRESSIVE;
				CLANG_WARN_UNREACHABLE_CODE = YES;
				CLANG_WARN__DUPLICATE_METHOD_MATCH = YES;
				COPY_PHASE_STRIP = NO;
				DEBUG_INFORMATION_FORMAT = dwarf;
				ENABLE_STRICT_OBJC_MSGSEND = YES;
				ENABLE_TESTABILITY = YES;
				ENABLE_USER_SCRIPT_SANDBOXING = YES;
				GCC_C_LANGUAGE_STANDARD = gnu17;
				GCC_DYNAMIC_NO_PIC = NO;
				GCC_NO_COMMON_BLOCKS = YES;
				GCC_OPTIMIZATION_LEVEL = 0;
				GCC_PREPROCESSOR_DEFINITIONS = (
					"DEBUG=1",
					"$(inherited)",
				);
				GCC_WARN_64_TO_32_BIT_CONVERSION = YES;
				GCC_WARN_ABOUT_RETURN_TYPE = YES_ERROR;
				GCC_WARN_UNDECLARED_SELECTOR = YES;
				GCC_WARN_UNINITIALIZED_AUTOS = YES_AGGRESSIVE;
				GCC_WARN_UNUSED_FUNCTION = YES;
				GCC_WARN_UNUSED_VARIABLE = YES;
				IPHONEOS_DEPLOYMENT_TARGET = 17.0;
				LOCALIZATION_PREFERS_STRING_CATALOGS = YES;
				MTL_ENABLE_DEBUG_INFO = INCLUDE_SOURCE;
				MTL_FAST_MATH = YES;
				ONLY_ACTIVE_ARCH = YES;
				SDKROOT = iphoneos;
				SWIFT_ACTIVE_COMPILATION_CONDITIONS = "DEBUG $(inherited)";
				SWIFT_OPTIMIZATION_LEVEL = "-Onone";
			};
			name = Debug;
		};
		E71F41052B29FAB00029F5E7 /* Release */ = {
			isa = XCBuildConfiguration;
			buildSettings = {
				ALWAYS_SEARCH_USER_PATHS = NO;
				ASSETCATALOG_COMPILER_GENERATE_SWIFT_ASSET_SYMBOL_EXTENSIONS = YES;
				CLANG_ANALYZER_NONNULL = YES;
				CLANG_ANALYZER_NUMBER_OBJECT_CONVERSION = YES_AGGRESSIVE;
				CLANG_CXX_LANGUAGE_STANDARD = "gnu++20";
				CLANG_ENABLE_MODULES = YES;
				CLANG_ENABLE_OBJC_ARC = YES;
				CLANG_ENABLE_OBJC_WEAK = YES;
				CLANG_WARN_BLOCK_CAPTURE_AUTORELEASING = YES;
				CLANG_WARN_BOOL_CONVERSION = YES;
				CLANG_WARN_COMMA = YES;
				CLANG_WARN_CONSTANT_CONVERSION = YES;
				CLANG_WARN_DEPRECATED_OBJC_IMPLEMENTATIONS = YES;
				CLANG_WARN_DIRECT_OBJC_ISA_USAGE = YES_ERROR;
				CLANG_WARN_DOCUMENTATION_COMMENTS = YES;
				CLANG_WARN_EMPTY_BODY = YES;
				CLANG_WARN_ENUM_CONVERSION = YES;
				CLANG_WARN_INFINITE_RECURSION = YES;
				CLANG_WARN_INT_CONVERSION = YES;
				CLANG_WARN_NON_LITERAL_NULL_CONVERSION = YES;
				CLANG_WARN_OBJC_IMPLICIT_RETAIN_SELF = YES;
				CLANG_WARN_OBJC_LITERAL_CONVERSION = YES;
				CLANG_WARN_OBJC_ROOT_CLASS = YES_ERROR;
				CLANG_WARN_QUOTED_INCLUDE_IN_FRAMEWORK_HEADER = YES;
				CLANG_WARN_RANGE_LOOP_ANALYSIS = YES;
				CLANG_WARN_STRICT_PROTOTYPES = YES;
				CLANG_WARN_SUSPICIOUS_MOVE = YES;
				CLANG_WARN_UNGUARDED_AVAILABILITY = YES_AGGRESSIVE;
				CLANG_WARN_UNREACHABLE_CODE = YES;
				CLANG_WARN__DUPLICATE_METHOD_MATCH = YES;
				COPY_PHASE_STRIP = NO;
				DEBUG_INFORMATION_FORMAT = "dwarf-with-dsym";
				ENABLE_NS_ASSERTIONS = NO;
				ENABLE_STRICT_OBJC_MSGSEND = YES;
				ENABLE_USER_SCRIPT_SANDBOXING = YES;
				GCC_C_LANGUAGE_STANDARD = gnu17;
				GCC_NO_COMMON_BLOCKS = YES;
				GCC_WARN_64_TO_32_BIT_CONVERSION = YES;
				GCC_WARN_ABOUT_RETURN_TYPE = YES_ERROR;
				GCC_WARN_UNDECLARED_SELECTOR = YES;
				GCC_WARN_UNINITIALIZED_AUTOS = YES_AGGRESSIVE;
				GCC_WARN_UNUSED_FUNCTION = YES;
				GCC_WARN_UNUSED_VARIABLE = YES;
				IPHONEOS_DEPLOYMENT_TARGET = 17.0;
				LOCALIZATION_PREFERS_STRING_CATALOGS = YES;
				MTL_ENABLE_DEBUG_INFO = NO;
				MTL_FAST_MATH = YES;
				SDKROOT = iphoneos;
				SWIFT_COMPILATION_MODE = wholemodule;
				VALIDATE_PRODUCT = YES;
			};
			name = Release;
		};
		E71F41072B29FAB00029F5E7 /* Debug */ = {
			isa = XCBuildConfiguration;
			buildSettings = {
				ASSETCATALOG_COMPILER_APPICON_NAME = AppIcon;
				ASSETCATALOG_COMPILER_GLOBAL_ACCENT_COLOR_NAME = AccentColor;
				CODE_SIGN_STYLE = Automatic;
				CURRENT_PROJECT_VERSION = 1;
				DEVELOPMENT_ASSET_PATHS = "\"JonquillesMap/Preview Content\"";
				DEVELOPMENT_TEAM = 5SY26T5Q8C;
				ENABLE_PREVIEWS = YES;
				GENERATE_INFOPLIST_FILE = YES;
				INFOPLIST_FILE = JonquillesMap/Info.plist;
				INFOPLIST_KEY_UIApplicationSceneManifest_Generation = YES;
				INFOPLIST_KEY_UIApplicationSupportsIndirectInputEvents = YES;
				INFOPLIST_KEY_UILaunchScreen_Generation = YES;
				INFOPLIST_KEY_UISupportedInterfaceOrientations_iPad = "UIInterfaceOrientationPortrait UIInterfaceOrientationPortraitUpsideDown UIInterfaceOrientationLandscapeLeft UIInterfaceOrientationLandscapeRight";
				INFOPLIST_KEY_UISupportedInterfaceOrientations_iPhone = "UIInterfaceOrientationPortrait UIInterfaceOrientationLandscapeLeft UIInterfaceOrientationLandscapeRight";
				LD_RUNPATH_SEARCH_PATHS = (
					"$(inherited)",
					"@executable_path/Frameworks",
				);
				MARKETING_VERSION = 1.0;
				PRODUCT_BUNDLE_IDENTIFIER = JVFD.JonquillesMap;
				PRODUCT_NAME = "$(TARGET_NAME)";
				SWIFT_EMIT_LOC_STRINGS = YES;
				SWIFT_VERSION = 5.0;
				TARGETED_DEVICE_FAMILY = "1,2";
			};
			name = Debug;
		};
		E71F41082B29FAB00029F5E7 /* Release */ = {
			isa = XCBuildConfiguration;
			buildSettings = {
				ASSETCATALOG_COMPILER_APPICON_NAME = AppIcon;
				ASSETCATALOG_COMPILER_GLOBAL_ACCENT_COLOR_NAME = AccentColor;
				CODE_SIGN_STYLE = Automatic;
				CURRENT_PROJECT_VERSION = 1;
				DEVELOPMENT_ASSET_PATHS = "\"JonquillesMap/Preview Content\"";
				DEVELOPMENT_TEAM = 5SY26T5Q8C;
				ENABLE_PREVIEWS = YES;
				GENERATE_INFOPLIST_FILE = YES;
				INFOPLIST_FILE = JonquillesMap/Info.plist;
				INFOPLIST_KEY_UIApplicationSceneManifest_Generation = YES;
				INFOPLIST_KEY_UIApplicationSupportsIndirectInputEvents = YES;
				INFOPLIST_KEY_UILaunchScreen_Generation = YES;
				INFOPLIST_KEY_UISupportedInterfaceOrientations_iPad = "UIInterfaceOrientationPortrait UIInterfaceOrientationPortraitUpsideDown UIInterfaceOrientationLandscapeLeft UIInterfaceOrientationLandscapeRight";
				INFOPLIST_KEY_UISupportedInterfaceOrientations_iPhone = "UIInterfaceOrientationPortrait UIInterfaceOrientationLandscapeLeft UIInterfaceOrientationLandscapeRight";
				LD_RUNPATH_SEARCH_PATHS = (
					"$(inherited)",
					"@executable_path/Frameworks",
				);
				MARKETING_VERSION = 1.0;
				PRODUCT_BUNDLE_IDENTIFIER = JVFD.JonquillesMap;
				PRODUCT_NAME = "$(TARGET_NAME)";
				SWIFT_EMIT_LOC_STRINGS = YES;
				SWIFT_VERSION = 5.0;
				TARGETED_DEVICE_FAMILY = "1,2";
			};
			name = Release;
		};
/* End XCBuildConfiguration section */

/* Begin XCConfigurationList section */
		E71F40F32B29FAAE0029F5E7 /* Build configuration list for PBXProject "JonquillesMap" */ = {
			isa = XCConfigurationList;
			buildConfigurations = (
				E71F41042B29FAB00029F5E7 /* Debug */,
				E71F41052B29FAB00029F5E7 /* Release */,
			);
			defaultConfigurationIsVisible = 0;
			defaultConfigurationName = Release;
		};
		E71F41062B29FAB00029F5E7 /* Build configuration list for PBXNativeTarget "JonquillesMap" */ = {
			isa = XCConfigurationList;
			buildConfigurations = (
				E71F41072B29FAB00029F5E7 /* Debug */,
				E71F41082B29FAB00029F5E7 /* Release */,
			);
			defaultConfigurationIsVisible = 0;
			defaultConfigurationName = Release;
		};
/* End XCConfigurationList section */
	};
	rootObject = E71F40F02B29FAAE0029F5E7 /* Project object */;
}
